// !$*UTF8*$!
{
	archiveVersion = 1;
	classes = {
	};
	objectVersion = 77;
	objects = {

/* Begin PBXBuildFile section */
		04E763EBB945EF0A395FB4AA /* SettingsView.swift in Sources */ = {isa = PBXBuildFile; fileRef = 68B3E8B1E431F8497F427872 /* SettingsView.swift */; };
		08349E7A2C724CDB7011195A /* SettingsScreen.swift in Sources */ = {isa = PBXBuildFile; fileRef = C253D69C104183CC136B6570 /* SettingsScreen.swift */; };
		0C5B37767FC281475F00701C /* DesignSystem.swift in Sources */ = {isa = PBXBuildFile; fileRef = D6B493CE6BB2FB3AC7928093 /* DesignSystem.swift */; };
		0C9D3F509C33F0089A2E42D2 /* Preferences.swift in Sources */ = {isa = PBXBuildFile; fileRef = B1448D30F03D5ED92BA5CFDA /* Preferences.swift */; };
		0E89F6B2D62814E6D5B448D6 /* Preferences.swift in Sources */ = {isa = PBXBuildFile; fileRef = B1448D30F03D5ED92BA5CFDA /* Preferences.swift */; };
		0EBFD5CA04A2BDECEAE50A53 /* PrivacyInfo.xcprivacy in Resources */ = {isa = PBXBuildFile; fileRef = B5FEBB3FC07441CDDA83D3A6 /* PrivacyInfo.xcprivacy */; };
		101F629EF7B1812C9DD36480 /* JRSListingParserTests.swift in Sources */ = {isa = PBXBuildFile; fileRef = ED60CF5C0B1E440A31BE919D /* JRSListingParserTests.swift */; };
		10D5904B50158C1C04FB71E2 /* MatchDetailView.swift in Sources */ = {isa = PBXBuildFile; fileRef = 7E15189360D043027DF726F4 /* MatchDetailView.swift */; };
		12146C1EE8A5D29CC966EAFD /* DesignSystem.swift in Sources */ = {isa = PBXBuildFile; fileRef = D6B493CE6BB2FB3AC7928093 /* DesignSystem.swift */; };
		1444782316A963BCB9903757 /* JRSListingParserTests.swift in Sources */ = {isa = PBXBuildFile; fileRef = ED60CF5C0B1E440A31BE919D /* JRSListingParserTests.swift */; };
		153BB2E4D47CB4971C423748 /* MatchListView.swift in Sources */ = {isa = PBXBuildFile; fileRef = 9DC799BD820D1268CB4FA2C7 /* MatchListView.swift */; };
		16761ECDD12E104E73058517 /* JRKANTVApp.swift in Sources */ = {isa = PBXBuildFile; fileRef = C6F0CA23C2A11AD21E8F97B3 /* JRKANTVApp.swift */; };
		17235F6837A722ED53FAA65E /* MatchListModel.swift in Sources */ = {isa = PBXBuildFile; fileRef = 8A90A2984F83A94B6057399B /* MatchListModel.swift */; };
		200218C81A1D8941BB310C8D /* StreamResolverTests.swift in Sources */ = {isa = PBXBuildFile; fileRef = 146FE878061FD60A7E8B410D /* StreamResolverTests.swift */; };
		250B58FF657D661D7FEF6E20 /* PlayerScreen.swift in Sources */ = {isa = PBXBuildFile; fileRef = 166AFFAD6BCDCB1CB9018CC3 /* PlayerScreen.swift */; };
		2B66D3DADE77370AA966A3B9 /* MatchPlaybackModel.swift in Sources */ = {isa = PBXBuildFile; fileRef = 13F14150CD0489DD517C591F /* MatchPlaybackModel.swift */; };
		30B0BD0144ACC59F0826B89E /* StreamResolverTests.swift in Sources */ = {isa = PBXBuildFile; fileRef = 146FE878061FD60A7E8B410D /* StreamResolverTests.swift */; };
		4B7D566FEA8A5038A38271C9 /* TouchDesign.swift in Sources */ = {isa = PBXBuildFile; fileRef = 5EC0EE40097AF2B9448CB59D /* TouchDesign.swift */; };
		4CF7D02FE21F8B286A1709CD /* Models.swift in Sources */ = {isa = PBXBuildFile; fileRef = F18C6543E468B4065A6EC744 /* Models.swift */; };
		4E77AEC94B5B6EA1D563BBE4 /* JRSClient.swift in Sources */ = {isa = PBXBuildFile; fileRef = 6EA31676B29AF1E71B60E890 /* JRSClient.swift */; };
		580BC96B511F1896D43077DD /* LaunchScreen.storyboard in Resources */ = {isa = PBXBuildFile; fileRef = 653DDABE5314A75C6A24CAE2 /* LaunchScreen.storyboard */; };
		5C11EF67F00E71AC327076A6 /* JRSClient.swift in Sources */ = {isa = PBXBuildFile; fileRef = 6EA31676B29AF1E71B60E890 /* JRSClient.swift */; };
		5C914807D7A4A5DBC7F305D9 /* MatchDetailScreen.swift in Sources */ = {isa = PBXBuildFile; fileRef = 0234E27651736E182F447240 /* MatchDetailScreen.swift */; };
		61434824021049A6A521E3B5 /* MatchCard.swift in Sources */ = {isa = PBXBuildFile; fileRef = 6A03E1AD1E6AD14AAAFFA7EF /* MatchCard.swift */; };
		65C930740BA8BCAC3E9041FD /* PrivacyInfo.xcprivacy in Resources */ = {isa = PBXBuildFile; fileRef = B5FEBB3FC07441CDDA83D3A6 /* PrivacyInfo.xcprivacy */; };
		6BD40C7F3851EBC43C6655AB /* LiveSiteContractTests.swift in Sources */ = {isa = PBXBuildFile; fileRef = CE5A1BDA5A7D27DA23B74A56 /* LiveSiteContractTests.swift */; };
		7624C69B95E5DE3C5F191081 /* MatchScheduleTests.swift in Sources */ = {isa = PBXBuildFile; fileRef = 8FA3D4DE130C492B290FB4EB /* MatchScheduleTests.swift */; };
		7A4FD678DAFA37C7E0948965 /* RegularMatchListScreen.swift in Sources */ = {isa = PBXBuildFile; fileRef = F36F70D55742F421AD9C2D86 /* RegularMatchListScreen.swift */; };
		7BEEDDBD3F10896D8FBBFF23 /* LiveSiteContractTests.swift in Sources */ = {isa = PBXBuildFile; fileRef = CE5A1BDA5A7D27DA23B74A56 /* LiveSiteContractTests.swift */; };
		80DBE1F70734F7FCFDE78F80 /* TouchPlayerScreen.swift in Sources */ = {isa = PBXBuildFile; fileRef = 09A18FB18C33A913FFA7E500 /* TouchPlayerScreen.swift */; };
		87BD4EF94022E2057D35C8D7 /* RootScreen.swift in Sources */ = {isa = PBXBuildFile; fileRef = 2EEEAA3631E8CB62F93052A1 /* RootScreen.swift */; };
		8FB7DFE9E8FFACA2528A34EB /* CompactMatchListScreen.swift in Sources */ = {isa = PBXBuildFile; fileRef = 4C74CD530550FAFE75466DF7 /* CompactMatchListScreen.swift */; };
		927FB31C55A0E0DC5F26AAE2 /* MatchScheduleTests.swift in Sources */ = {isa = PBXBuildFile; fileRef = 8FA3D4DE130C492B290FB4EB /* MatchScheduleTests.swift */; };
		9555F68EC6C93D670DF98F95 /* JRSListingParser.swift in Sources */ = {isa = PBXBuildFile; fileRef = ADA1C12705AC68769B12AD55 /* JRSListingParser.swift */; };
		9E519C204229261351A60C8B /* StreamResolver.swift in Sources */ = {isa = PBXBuildFile; fileRef = BB5BE82233AE1714BD02AEDE /* StreamResolver.swift */; };
		A5FB174EC9771F64DBB18670 /* Assets.xcassets in Resources */ = {isa = PBXBuildFile; fileRef = BCBF11EAF493C5299A821529 /* Assets.xcassets */; };
		ABF39F61FAD181936DAAC61B /* Models.swift in Sources */ = {isa = PBXBuildFile; fileRef = F18C6543E468B4065A6EC744 /* Models.swift */; };
		AD966957C062CE6661493EDF /* JRSListingParser.swift in Sources */ = {isa = PBXBuildFile; fileRef = ADA1C12705AC68769B12AD55 /* JRSListingParser.swift */; };
		B977CB79D85E42A3106F2365 /* OrientationController.swift in Sources */ = {isa = PBXBuildFile; fileRef = 423BF4E949A39E0F05368991 /* OrientationController.swift */; };
		C4F2CE29255ED27A5F842FE6 /* iOSAssets.xcassets in Resources */ = {isa = PBXBuildFile; fileRef = 1309C8B5493C3C6AF2316DD1 /* iOSAssets.xcassets */; };
		CBB66786093D305B9D3CC12C /* DebugRoute.swift in Sources */ = {isa = PBXBuildFile; fileRef = 56CAFEDE64202CB6BD5C17D6 /* DebugRoute.swift */; };
		D8D7F870BF57CE2BE1C21EC5 /* StreamResolver.swift in Sources */ = {isa = PBXBuildFile; fileRef = BB5BE82233AE1714BD02AEDE /* StreamResolver.swift */; };
		DB7D4CEEFE8FC7124685D598 /* MatchListModel.swift in Sources */ = {isa = PBXBuildFile; fileRef = 8A90A2984F83A94B6057399B /* MatchListModel.swift */; };
		F21A5DAFDB0A5722A5F676AB /* DebugRoute.swift in Sources */ = {isa = PBXBuildFile; fileRef = 56CAFEDE64202CB6BD5C17D6 /* DebugRoute.swift */; };
		F36E514748615A4A95F38C14 /* JRKANiOSApp.swift in Sources */ = {isa = PBXBuildFile; fileRef = B3E988F6A8A71368B65E0BA6 /* JRKANiOSApp.swift */; };
		F702DD8A96C50B4F9A7A9099 /* MatchPlaybackModel.swift in Sources */ = {isa = PBXBuildFile; fileRef = 13F14150CD0489DD517C591F /* MatchPlaybackModel.swift */; };
/* End PBXBuildFile section */

/* Begin PBXContainerItemProxy section */
		24D0182253CFAC1F4E4FD534 /* PBXContainerItemProxy */ = {
			isa = PBXContainerItemProxy;
			containerPortal = CECC560E6A9A0B1D342928BF /* Project object */;
			proxyType = 1;
			remoteGlobalIDString = 5A7756319BAA53CBD0A08FAA;
			remoteInfo = JRKANTV;
		};
		555A1291CF199382A59856E5 /* PBXContainerItemProxy */ = {
			isa = PBXContainerItemProxy;
			containerPortal = CECC560E6A9A0B1D342928BF /* Project object */;
			proxyType = 1;
			remoteGlobalIDString = 00143B1926245EEB5F5C44FE;
			remoteInfo = JRKANiOS;
		};
/* End PBXContainerItemProxy section */

/* Begin PBXFileReference section */
		0234E27651736E182F447240 /* MatchDetailScreen.swift */ = {isa = PBXFileReference; lastKnownFileType = sourcecode.swift; path = MatchDetailScreen.swift; sourceTree = "<group>"; };
		09A18FB18C33A913FFA7E500 /* TouchPlayerScreen.swift */ = {isa = PBXFileReference; lastKnownFileType = sourcecode.swift; path = TouchPlayerScreen.swift; sourceTree = "<group>"; };
		1309C8B5493C3C6AF2316DD1 /* iOSAssets.xcassets */ = {isa = PBXFileReference; lastKnownFileType = folder.assetcatalog; path = iOSAssets.xcassets; sourceTree = "<group>"; };
		13F14150CD0489DD517C591F /* MatchPlaybackModel.swift */ = {isa = PBXFileReference; lastKnownFileType = sourcecode.swift; path = MatchPlaybackModel.swift; sourceTree = "<group>"; };
		146FE878061FD60A7E8B410D /* StreamResolverTests.swift */ = {isa = PBXFileReference; lastKnownFileType = sourcecode.swift; path = StreamResolverTests.swift; sourceTree = "<group>"; };
		166AFFAD6BCDCB1CB9018CC3 /* PlayerScreen.swift */ = {isa = PBXFileReference; lastKnownFileType = sourcecode.swift; path = PlayerScreen.swift; sourceTree = "<group>"; };
		2EEEAA3631E8CB62F93052A1 /* RootScreen.swift */ = {isa = PBXFileReference; lastKnownFileType = sourcecode.swift; path = RootScreen.swift; sourceTree = "<group>"; };
		423BF4E949A39E0F05368991 /* OrientationController.swift */ = {isa = PBXFileReference; lastKnownFileType = sourcecode.swift; path = OrientationController.swift; sourceTree = "<group>"; };
		4C74CD530550FAFE75466DF7 /* CompactMatchListScreen.swift */ = {isa = PBXFileReference; lastKnownFileType = sourcecode.swift; path = CompactMatchListScreen.swift; sourceTree = "<group>"; };
		56CAFEDE64202CB6BD5C17D6 /* DebugRoute.swift */ = {isa = PBXFileReference; lastKnownFileType = sourcecode.swift; path = DebugRoute.swift; sourceTree = "<group>"; };
		581B4B353F8C9863B02DF5F1 /* JRKANiOS.app */ = {isa = PBXFileReference; includeInIndex = 0; lastKnownFileType = wrapper.application; path = JRKANiOS.app; sourceTree = BUILT_PRODUCTS_DIR; };
		5EC0EE40097AF2B9448CB59D /* TouchDesign.swift */ = {isa = PBXFileReference; lastKnownFileType = sourcecode.swift; path = TouchDesign.swift; sourceTree = "<group>"; };
		653DDABE5314A75C6A24CAE2 /* LaunchScreen.storyboard */ = {isa = PBXFileReference; lastKnownFileType = file.storyboard; path = LaunchScreen.storyboard; sourceTree = "<group>"; };
		68B3E8B1E431F8497F427872 /* SettingsView.swift */ = {isa = PBXFileReference; lastKnownFileType = sourcecode.swift; path = SettingsView.swift; sourceTree = "<group>"; };
		6A03E1AD1E6AD14AAAFFA7EF /* MatchCard.swift */ = {isa = PBXFileReference; lastKnownFileType = sourcecode.swift; path = MatchCard.swift; sourceTree = "<group>"; };
		6EA31676B29AF1E71B60E890 /* JRSClient.swift */ = {isa = PBXFileReference; lastKnownFileType = sourcecode.swift; path = JRSClient.swift; sourceTree = "<group>"; };
		76CF190C1FCCD118D97DAC37 /* JRKANTVTests.xctest */ = {isa = PBXFileReference; includeInIndex = 0; lastKnownFileType = wrapper.cfbundle; path = JRKANTVTests.xctest; sourceTree = BUILT_PRODUCTS_DIR; };
		7E15189360D043027DF726F4 /* MatchDetailView.swift */ = {isa = PBXFileReference; lastKnownFileType = sourcecode.swift; path = MatchDetailView.swift; sourceTree = "<group>"; };
		8A90A2984F83A94B6057399B /* MatchListModel.swift */ = {isa = PBXFileReference; lastKnownFileType = sourcecode.swift; path = MatchListModel.swift; sourceTree = "<group>"; };
		8FA3D4DE130C492B290FB4EB /* MatchScheduleTests.swift */ = {isa = PBXFileReference; lastKnownFileType = sourcecode.swift; path = MatchScheduleTests.swift; sourceTree = "<group>"; };
		9DC799BD820D1268CB4FA2C7 /* MatchListView.swift */ = {isa = PBXFileReference; lastKnownFileType = sourcecode.swift; path = MatchListView.swift; sourceTree = "<group>"; };
		A0425CB0B64CC7E444C74608 /* JRKANiOSTests.xctest */ = {isa = PBXFileReference; includeInIndex = 0; lastKnownFileType = wrapper.cfbundle; path = JRKANiOSTests.xctest; sourceTree = BUILT_PRODUCTS_DIR; };
		ADA1C12705AC68769B12AD55 /* JRSListingParser.swift */ = {isa = PBXFileReference; lastKnownFileType = sourcecode.swift; path = JRSListingParser.swift; sourceTree = "<group>"; };
		B1448D30F03D5ED92BA5CFDA /* Preferences.swift */ = {isa = PBXFileReference; lastKnownFileType = sourcecode.swift; path = Preferences.swift; sourceTree = "<group>"; };
		B3E988F6A8A71368B65E0BA6 /* JRKANiOSApp.swift */ = {isa = PBXFileReference; lastKnownFileType = sourcecode.swift; path = JRKANiOSApp.swift; sourceTree = "<group>"; };
		B5FEBB3FC07441CDDA83D3A6 /* PrivacyInfo.xcprivacy */ = {isa = PBXFileReference; path = PrivacyInfo.xcprivacy; sourceTree = "<group>"; };
		BB5BE82233AE1714BD02AEDE /* StreamResolver.swift */ = {isa = PBXFileReference; lastKnownFileType = sourcecode.swift; path = StreamResolver.swift; sourceTree = "<group>"; };
		BCBF11EAF493C5299A821529 /* Assets.xcassets */ = {isa = PBXFileReference; lastKnownFileType = folder.assetcatalog; path = Assets.xcassets; sourceTree = "<group>"; };
		C253D69C104183CC136B6570 /* SettingsScreen.swift */ = {isa = PBXFileReference; lastKnownFileType = sourcecode.swift; path = SettingsScreen.swift; sourceTree = "<group>"; };
		C6F0CA23C2A11AD21E8F97B3 /* JRKANTVApp.swift */ = {isa = PBXFileReference; lastKnownFileType = sourcecode.swift; path = JRKANTVApp.swift; sourceTree = "<group>"; };
		CE5A1BDA5A7D27DA23B74A56 /* LiveSiteContractTests.swift */ = {isa = PBXFileReference; lastKnownFileType = sourcecode.swift; path = LiveSiteContractTests.swift; sourceTree = "<group>"; };
		D6B493CE6BB2FB3AC7928093 /* DesignSystem.swift */ = {isa = PBXFileReference; lastKnownFileType = sourcecode.swift; path = DesignSystem.swift; sourceTree = "<group>"; };
		ED60CF5C0B1E440A31BE919D /* JRSListingParserTests.swift */ = {isa = PBXFileReference; lastKnownFileType = sourcecode.swift; path = JRSListingParserTests.swift; sourceTree = "<group>"; };
		F18C6543E468B4065A6EC744 /* Models.swift */ = {isa = PBXFileReference; lastKnownFileType = sourcecode.swift; path = Models.swift; sourceTree = "<group>"; };
		F36F70D55742F421AD9C2D86 /* RegularMatchListScreen.swift */ = {isa = PBXFileReference; lastKnownFileType = sourcecode.swift; path = RegularMatchListScreen.swift; sourceTree = "<group>"; };
		F7CCA2DEF811B4DBC10F8715 /* JRKANTV.app */ = {isa = PBXFileReference; includeInIndex = 0; lastKnownFileType = wrapper.application; path = JRKANTV.app; sourceTree = BUILT_PRODUCTS_DIR; };
/* End PBXFileReference section */

/* Begin PBXGroup section */
		01C2C9541375326149CD958A = {
			isa = PBXGroup;
			children = (
				39E83D0D02D28F27D757BCC8 /* App */,
				5A8FB00D87F7A0441660C9F1 /* Products */,
			);
			sourceTree = "<group>";
		};
		06B84AC9D7E700781DBCB31B /* iOS */ = {
			isa = PBXGroup;
			children = (
				4C74CD530550FAFE75466DF7 /* CompactMatchListScreen.swift */,
				B3E988F6A8A71368B65E0BA6 /* JRKANiOSApp.swift */,
				0234E27651736E182F447240 /* MatchDetailScreen.swift */,
				423BF4E949A39E0F05368991 /* OrientationController.swift */,
				F36F70D55742F421AD9C2D86 /* RegularMatchListScreen.swift */,
				2EEEAA3631E8CB62F93052A1 /* RootScreen.swift */,
				C253D69C104183CC136B6570 /* SettingsScreen.swift */,
				5EC0EE40097AF2B9448CB59D /* TouchDesign.swift */,
				09A18FB18C33A913FFA7E500 /* TouchPlayerScreen.swift */,
			);
			path = iOS;
			sourceTree = "<group>";
		};
		39E83D0D02D28F27D757BCC8 /* App */ = {
			isa = PBXGroup;
			children = (
				A8D03B00F7A645B2BE319860 /* Resources */,
				D0CC3179ACCB8B454A633783 /* Sources */,
				5E1A1733345DF2882C02601F /* Tests */,
			);
			path = App;
			sourceTree = "<group>";
		};
		5A8FB00D87F7A0441660C9F1 /* Products */ = {
			isa = PBXGroup;
			children = (
				581B4B353F8C9863B02DF5F1 /* JRKANiOS.app */,
				A0425CB0B64CC7E444C74608 /* JRKANiOSTests.xctest */,
				F7CCA2DEF811B4DBC10F8715 /* JRKANTV.app */,
				76CF190C1FCCD118D97DAC37 /* JRKANTVTests.xctest */,
			);
			name = Products;
			sourceTree = "<group>";
		};
		5E1A1733345DF2882C02601F /* Tests */ = {
			isa = PBXGroup;
			children = (
				ED60CF5C0B1E440A31BE919D /* JRSListingParserTests.swift */,
				CE5A1BDA5A7D27DA23B74A56 /* LiveSiteContractTests.swift */,
				8FA3D4DE130C492B290FB4EB /* MatchScheduleTests.swift */,
				146FE878061FD60A7E8B410D /* StreamResolverTests.swift */,
			);
			path = Tests;
			sourceTree = "<group>";
		};
		8A008D5C39429F06B97B0B8D /* Shared */ = {
			isa = PBXGroup;
			children = (
				56CAFEDE64202CB6BD5C17D6 /* DebugRoute.swift */,
				D6B493CE6BB2FB3AC7928093 /* DesignSystem.swift */,
				6EA31676B29AF1E71B60E890 /* JRSClient.swift */,
				ADA1C12705AC68769B12AD55 /* JRSListingParser.swift */,
				8A90A2984F83A94B6057399B /* MatchListModel.swift */,
				13F14150CD0489DD517C591F /* MatchPlaybackModel.swift */,
				F18C6543E468B4065A6EC744 /* Models.swift */,
				B1448D30F03D5ED92BA5CFDA /* Preferences.swift */,
				BB5BE82233AE1714BD02AEDE /* StreamResolver.swift */,
			);
			path = Shared;
			sourceTree = "<group>";
		};
		8F11D3CDA5D21376BAED42E5 /* TV */ = {
			isa = PBXGroup;
			children = (
				C6F0CA23C2A11AD21E8F97B3 /* JRKANTVApp.swift */,
				6A03E1AD1E6AD14AAAFFA7EF /* MatchCard.swift */,
				7E15189360D043027DF726F4 /* MatchDetailView.swift */,
				9DC799BD820D1268CB4FA2C7 /* MatchListView.swift */,
				166AFFAD6BCDCB1CB9018CC3 /* PlayerScreen.swift */,
				68B3E8B1E431F8497F427872 /* SettingsView.swift */,
			);
			path = TV;
			sourceTree = "<group>";
		};
		A8D03B00F7A645B2BE319860 /* Resources */ = {
			isa = PBXGroup;
			children = (
				BCBF11EAF493C5299A821529 /* Assets.xcassets */,
				1309C8B5493C3C6AF2316DD1 /* iOSAssets.xcassets */,
				653DDABE5314A75C6A24CAE2 /* LaunchScreen.storyboard */,
				B5FEBB3FC07441CDDA83D3A6 /* PrivacyInfo.xcprivacy */,
			);
			path = Resources;
			sourceTree = "<group>";
		};
		D0CC3179ACCB8B454A633783 /* Sources */ = {
			isa = PBXGroup;
			children = (
				06B84AC9D7E700781DBCB31B /* iOS */,
				8A008D5C39429F06B97B0B8D /* Shared */,
				8F11D3CDA5D21376BAED42E5 /* TV */,
			);
			path = Sources;
			sourceTree = "<group>";
		};
/* End PBXGroup section */

/* Begin PBXNativeTarget section */
		00143B1926245EEB5F5C44FE /* JRKANiOS */ = {
			isa = PBXNativeTarget;
			buildConfigurationList = FEC8875661E659D8A1638FCA /* Build configuration list for PBXNativeTarget "JRKANiOS" */;
			buildPhases = (
				7DEEABFA1994C2B08A06486F /* Sources */,
				B5B341445FDA9239E7CE4165 /* Resources */,
			);
			buildRules = (
			);
			dependencies = (
			);
			name = JRKANiOS;
			packageProductDependencies = (
			);
			productName = JRKANiOS;
			productReference = 581B4B353F8C9863B02DF5F1 /* JRKANiOS.app */;
			productType = "com.apple.product-type.application";
		};
		5A7756319BAA53CBD0A08FAA /* JRKANTV */ = {
			isa = PBXNativeTarget;
			buildConfigurationList = 1AFD4B20E283DE23F528B376 /* Build configuration list for PBXNativeTarget "JRKANTV" */;
			buildPhases = (
				23EACE20E406AE9A1DCD617A /* Sources */,
				E5585743172D71313486D888 /* Resources */,
			);
			buildRules = (
			);
			dependencies = (
			);
			name = JRKANTV;
			packageProductDependencies = (
			);
			productName = JRKANTV;
			productReference = F7CCA2DEF811B4DBC10F8715 /* JRKANTV.app */;
			productType = "com.apple.product-type.application";
		};
		A4BABC2D1A298BBEA77259E8 /* JRKANiOSTests */ = {
			isa = PBXNativeTarget;
			buildConfigurationList = 4F92DD1B21D8FE14563588F9 /* Build configuration list for PBXNativeTarget "JRKANiOSTests" */;
			buildPhases = (
				A8BEA46EAA1C1CC184718A5F /* Sources */,
			);
			buildRules = (
			);
			dependencies = (
				25EF21C7A919DDE3F4A23998 /* PBXTargetDependency */,
			);
			name = JRKANiOSTests;
			packageProductDependencies = (
			);
			productName = JRKANiOSTests;
			productReference = A0425CB0B64CC7E444C74608 /* JRKANiOSTests.xctest */;
			productType = "com.apple.product-type.bundle.unit-test";
		};
		CEFCE3995F1B4B4CFC973A9D /* JRKANTVTests */ = {
			isa = PBXNativeTarget;
			buildConfigurationList = 3418848845953D92F91BE96D /* Build configuration list for PBXNativeTarget "JRKANTVTests" */;
			buildPhases = (
				69494AB6FCBD0271435358D4 /* Sources */,
			);
			buildRules = (
			);
			dependencies = (
				8A200CBE88605CA44EBA41D4 /* PBXTargetDependency */,
			);
			name = JRKANTVTests;
			packageProductDependencies = (
			);
			productName = JRKANTVTests;
			productReference = 76CF190C1FCCD118D97DAC37 /* JRKANTVTests.xctest */;
			productType = "com.apple.product-type.bundle.unit-test";
		};
/* End PBXNativeTarget section */

/* Begin PBXProject section */
		CECC560E6A9A0B1D342928BF /* Project object */ = {
			isa = PBXProject;
			attributes = {
				BuildIndependentTargetsInParallel = YES;
				LastUpgradeCheck = 2600;
				TargetAttributes = {
					00143B1926245EEB5F5C44FE = {
						DevelopmentTeam = 6ZPXG4KVVS;
						ProvisioningStyle = Automatic;
					};
					5A7756319BAA53CBD0A08FAA = {
						DevelopmentTeam = 6ZPXG4KVVS;
						ProvisioningStyle = Automatic;
					};
					A4BABC2D1A298BBEA77259E8 = {
						DevelopmentTeam = 6ZPXG4KVVS;
						ProvisioningStyle = Automatic;
					};
					CEFCE3995F1B4B4CFC973A9D = {
						DevelopmentTeam = 6ZPXG4KVVS;
						ProvisioningStyle = Automatic;
					};
				};
			};
			buildConfigurationList = 5B33F3058C2A9012F2EC8DE6 /* Build configuration list for PBXProject "JRKANApple" */;
			developmentRegion = en;
			hasScannedForEncodings = 0;
			knownRegions = (
				Base,
				en,
			);
			mainGroup = 01C2C9541375326149CD958A;
			minimizedProjectReferenceProxies = 1;
			preferredProjectObjectVersion = 77;
			productRefGroup = 5A8FB00D87F7A0441660C9F1 /* Products */;
			projectDirPath = "";
			projectRoot = "";
			targets = (
				5A7756319BAA53CBD0A08FAA /* JRKANTV */,
				00143B1926245EEB5F5C44FE /* JRKANiOS */,
				CEFCE3995F1B4B4CFC973A9D /* JRKANTVTests */,
				A4BABC2D1A298BBEA77259E8 /* JRKANiOSTests */,
			);
		};
/* End PBXProject section */

/* Begin PBXResourcesBuildPhase section */
		B5B341445FDA9239E7CE4165 /* Resources */ = {
			isa = PBXResourcesBuildPhase;
			buildActionMask = 2147483647;
			files = (
				65C930740BA8BCAC3E9041FD /* PrivacyInfo.xcprivacy in Resources */,
				C4F2CE29255ED27A5F842FE6 /* iOSAssets.xcassets in Resources */,
			);
			runOnlyForDeploymentPostprocessing = 0;
		};
		E5585743172D71313486D888 /* Resources */ = {
			isa = PBXResourcesBuildPhase;
			buildActionMask = 2147483647;
			files = (
				A5FB174EC9771F64DBB18670 /* Assets.xcassets in Resources */,
				580BC96B511F1896D43077DD /* LaunchScreen.storyboard in Resources */,
				0EBFD5CA04A2BDECEAE50A53 /* PrivacyInfo.xcprivacy in Resources */,
			);
			runOnlyForDeploymentPostprocessing = 0;
		};
/* End PBXResourcesBuildPhase section */

/* Begin PBXSourcesBuildPhase section */
		23EACE20E406AE9A1DCD617A /* Sources */ = {
			isa = PBXSourcesBuildPhase;
			buildActionMask = 2147483647;
			files = (
				F21A5DAFDB0A5722A5F676AB /* DebugRoute.swift in Sources */,
				12146C1EE8A5D29CC966EAFD /* DesignSystem.swift in Sources */,
				16761ECDD12E104E73058517 /* JRKANTVApp.swift in Sources */,
				5C11EF67F00E71AC327076A6 /* JRSClient.swift in Sources */,
				AD966957C062CE6661493EDF /* JRSListingParser.swift in Sources */,
				61434824021049A6A521E3B5 /* MatchCard.swift in Sources */,
				10D5904B50158C1C04FB71E2 /* MatchDetailView.swift in Sources */,
				DB7D4CEEFE8FC7124685D598 /* MatchListModel.swift in Sources */,
				153BB2E4D47CB4971C423748 /* MatchListView.swift in Sources */,
				F702DD8A96C50B4F9A7A9099 /* MatchPlaybackModel.swift in Sources */,
				4CF7D02FE21F8B286A1709CD /* Models.swift in Sources */,
				250B58FF657D661D7FEF6E20 /* PlayerScreen.swift in Sources */,
				0C9D3F509C33F0089A2E42D2 /* Preferences.swift in Sources */,
				04E763EBB945EF0A395FB4AA /* SettingsView.swift in Sources */,
				D8D7F870BF57CE2BE1C21EC5 /* StreamResolver.swift in Sources */,
			);
			runOnlyForDeploymentPostprocessing = 0;
		};
		69494AB6FCBD0271435358D4 /* Sources */ = {
			isa = PBXSourcesBuildPhase;
			buildActionMask = 2147483647;
			files = (
				101F629EF7B1812C9DD36480 /* JRSListingParserTests.swift in Sources */,
				6BD40C7F3851EBC43C6655AB /* LiveSiteContractTests.swift in Sources */,
				7624C69B95E5DE3C5F191081 /* MatchScheduleTests.swift in Sources */,
				30B0BD0144ACC59F0826B89E /* StreamResolverTests.swift in Sources */,
			);
			runOnlyForDeploymentPostprocessing = 0;
		};
		7DEEABFA1994C2B08A06486F /* Sources */ = {
			isa = PBXSourcesBuildPhase;
			buildActionMask = 2147483647;
			files = (
				8FB7DFE9E8FFACA2528A34EB /* CompactMatchListScreen.swift in Sources */,
				CBB66786093D305B9D3CC12C /* DebugRoute.swift in Sources */,
				0C5B37767FC281475F00701C /* DesignSystem.swift in Sources */,
				F36E514748615A4A95F38C14 /* JRKANiOSApp.swift in Sources */,
				4E77AEC94B5B6EA1D563BBE4 /* JRSClient.swift in Sources */,
				9555F68EC6C93D670DF98F95 /* JRSListingParser.swift in Sources */,
				5C914807D7A4A5DBC7F305D9 /* MatchDetailScreen.swift in Sources */,
				17235F6837A722ED53FAA65E /* MatchListModel.swift in Sources */,
				2B66D3DADE77370AA966A3B9 /* MatchPlaybackModel.swift in Sources */,
				ABF39F61FAD181936DAAC61B /* Models.swift in Sources */,
				B977CB79D85E42A3106F2365 /* OrientationController.swift in Sources */,
				0E89F6B2D62814E6D5B448D6 /* Preferences.swift in Sources */,
				7A4FD678DAFA37C7E0948965 /* RegularMatchListScreen.swift in Sources */,
				87BD4EF94022E2057D35C8D7 /* RootScreen.swift in Sources */,
				08349E7A2C724CDB7011195A /* SettingsScreen.swift in Sources */,
				9E519C204229261351A60C8B /* StreamResolver.swift in Sources */,
				4B7D566FEA8A5038A38271C9 /* TouchDesign.swift in Sources */,
				80DBE1F70734F7FCFDE78F80 /* TouchPlayerScreen.swift in Sources */,
			);
			runOnlyForDeploymentPostprocessing = 0;
		};
		A8BEA46EAA1C1CC184718A5F /* Sources */ = {
			isa = PBXSourcesBuildPhase;
			buildActionMask = 2147483647;
			files = (
				1444782316A963BCB9903757 /* JRSListingParserTests.swift in Sources */,
				7BEEDDBD3F10896D8FBBFF23 /* LiveSiteContractTests.swift in Sources */,
				927FB31C55A0E0DC5F26AAE2 /* MatchScheduleTests.swift in Sources */,
				200218C81A1D8941BB310C8D /* StreamResolverTests.swift in Sources */,
			);
			runOnlyForDeploymentPostprocessing = 0;
		};
/* End PBXSourcesBuildPhase section */

/* Begin PBXTargetDependency section */
		25EF21C7A919DDE3F4A23998 /* PBXTargetDependency */ = {
			isa = PBXTargetDependency;
			target = 00143B1926245EEB5F5C44FE /* JRKANiOS */;
			targetProxy = 555A1291CF199382A59856E5 /* PBXContainerItemProxy */;
		};
		8A200CBE88605CA44EBA41D4 /* PBXTargetDependency */ = {
			isa = PBXTargetDependency;
			target = 5A7756319BAA53CBD0A08FAA /* JRKANTV */;
			targetProxy = 24D0182253CFAC1F4E4FD534 /* PBXContainerItemProxy */;
		};
/* End PBXTargetDependency section */

/* Begin XCBuildConfiguration section */
		1AE03CFD26900DEC7D6D586A /* Debug */ = {
			isa = XCBuildConfiguration;
			buildSettings = {
				ALWAYS_SEARCH_USER_PATHS = NO;
				CLANG_ANALYZER_NONNULL = YES;
				CLANG_ANALYZER_NUMBER_OBJECT_CONVERSION = YES_AGGRESSIVE;
				CLANG_CXX_LANGUAGE_STANDARD = "gnu++14";
				CLANG_CXX_LIBRARY = "libc++";
				CLANG_ENABLE_MODULES = YES;
				CLANG_ENABLE_OBJC_ARC = YES;
				CLANG_ENABLE_OBJC_WEAK = YES;
				CLANG_WARN_BLOCK_CAPTURE_AUTORELEASING = YES;
				CLANG_WARN_BOOL_CONVERSION = YES;
				CLANG_WARN_COMMA = YES;
				CLANG_WARN_CONSTANT_CONVERSION = YES;
				CLANG_WARN_DEPRECATED_OBJC_IMPLEMENTATIONS = YES;
				CLANG_WARN_DIRECT_OBJC_ISA_USAGE = YES_ERROR;
				CLANG_WARN_DOCUMENTATION_COMMENTS = YES;
				CLANG_WARN_EMPTY_BODY = YES;
				CLANG_WARN_ENUM_CONVERSION = YES;
				CLANG_WARN_INFINITE_RECURSION = YES;
				CLANG_WARN_INT_CONVERSION = YES;
				CLANG_WARN_NON_LITERAL_NULL_CONVERSION = YES;
				CLANG_WARN_OBJC_IMPLICIT_RETAIN_SELF = YES;
				CLANG_WARN_OBJC_LITERAL_CONVERSION = YES;
				CLANG_WARN_OBJC_ROOT_CLASS = YES_ERROR;
				CLANG_WARN_QUOTED_INCLUDE_IN_FRAMEWORK_HEADER = YES;
				CLANG_WARN_RANGE_LOOP_ANALYSIS = YES;
				CLANG_WARN_STRICT_PROTOTYPES = YES;
				CLANG_WARN_SUSPICIOUS_MOVE = YES;
				CLANG_WARN_UNGUARDED_AVAILABILITY = YES_AGGRESSIVE;
				CLANG_WARN_UNREACHABLE_CODE = YES;
				CLANG_WARN__DUPLICATE_METHOD_MATCH = YES;
				CODE_SIGN_STYLE = Automatic;
				COPY_PHASE_STRIP = NO;
				CURRENT_PROJECT_VERSION = 1;
				DEBUG_INFORMATION_FORMAT = dwarf;
				DEVELOPMENT_TEAM = 6ZPXG4KVVS;
				ENABLE_STRICT_OBJC_MSGSEND = YES;
				ENABLE_TESTABILITY = YES;
				GCC_C_LANGUAGE_STANDARD = gnu11;
				GCC_DYNAMIC_NO_PIC = NO;
				GCC_NO_COMMON_BLOCKS = YES;
				GCC_OPTIMIZATION_LEVEL = 0;
				GCC_PREPROCESSOR_DEFINITIONS = (
					"$(inherited)",
					"DEBUG=1",
				);
				GCC_WARN_64_TO_32_BIT_CONVERSION = YES;
				GCC_WARN_ABOUT_RETURN_TYPE = YES_ERROR;
				GCC_WARN_UNDECLARED_SELECTOR = YES;
				GCC_WARN_UNINITIALIZED_AUTOS = YES_AGGRESSIVE;
				GCC_WARN_UNUSED_FUNCTION = YES;
				GCC_WARN_UNUSED_VARIABLE = YES;
				IPHONEOS_DEPLOYMENT_TARGET = 17.0;
				MARKETING_VERSION = 1.0.0;
				MTL_ENABLE_DEBUG_INFO = INCLUDE_SOURCE;
				MTL_FAST_MATH = YES;
				ONLY_ACTIVE_ARCH = YES;
				PRODUCT_NAME = "$(TARGET_NAME)";
				SWIFT_ACTIVE_COMPILATION_CONDITIONS = DEBUG;
				SWIFT_OPTIMIZATION_LEVEL = "-Onone";
				SWIFT_VERSION = 5.0;
				TVOS_DEPLOYMENT_TARGET = 17.0;
			};
			name = Debug;
		};
		3E4772F024461F13A425AEA8 /* Debug */ = {
			isa = XCBuildConfiguration;
			buildSettings = {
				BUNDLE_LOADER = "$(TEST_HOST)";
				CODE_SIGNING_ALLOWED = NO;
				LD_RUNPATH_SEARCH_PATHS = (
					"$(inherited)",
					"@executable_path/Frameworks",
					"@loader_path/Frameworks",
				);
				PRODUCT_BUNDLE_IDENTIFIER = com.leeguoo.jrskan.tv.iostests;
				SDKROOT = iphoneos;
				TARGETED_DEVICE_FAMILY = "1,2";
				TEST_HOST = "$(BUILT_PRODUCTS_DIR)/JRKANiOS.app/JRKANiOS";
			};
			name = Debug;
		};
		3F23A8F18085323F4E34F4D4 /* Release */ = {
			isa = XCBuildConfiguration;
			buildSettings = {
				ASSETCATALOG_COMPILER_APPICON_NAME = "App Icon & Top Shelf Image";
				ASSETCATALOG_COMPILER_LAUNCHIMAGE_NAME = LaunchImage;
				INFOPLIST_FILE = "App/Info-TV.plist";
				LD_RUNPATH_SEARCH_PATHS = (
					"$(inherited)",
					"@executable_path/Frameworks",
				);
				PRODUCT_BUNDLE_IDENTIFIER = com.leeguoo.jrskan.tv;
				SDKROOT = appletvos;
				TARGETED_DEVICE_FAMILY = 3;
			};
			name = Release;
		};
		485E712C5AD3409DF31EDC07 /* Debug */ = {
			isa = XCBuildConfiguration;
			buildSettings = {
				ASSETCATALOG_COMPILER_APPICON_NAME = AppIcon;
				"CODE_SIGN_ENTITLEMENTS[sdk=macosx*]" = App/JRKANMac.entitlements;
				CODE_SIGN_IDENTITY = "iPhone Developer";
				DERIVE_MACCATALYST_PRODUCT_BUNDLE_IDENTIFIER = NO;
				INFOPLIST_FILE = "App/Info-iOS.plist";
				LD_RUNPATH_SEARCH_PATHS = (
					"$(inherited)",
					"@executable_path/Frameworks",
				);
				MACOSX_DEPLOYMENT_TARGET = 14.0;
				PRODUCT_BUNDLE_IDENTIFIER = com.leeguoo.jrskan.tv;
				SDKROOT = iphoneos;
				SUPPORTS_MACCATALYST = YES;
				TARGETED_DEVICE_FAMILY = "1,2";
			};
			name = Debug;
		};
		53AD6D2478281AFB68F6435B /* Release */ = {
			isa = XCBuildConfiguration;
			buildSettings = {
				BUNDLE_LOADER = "$(TEST_HOST)";
				CODE_SIGNING_ALLOWED = NO;
				LD_RUNPATH_SEARCH_PATHS = (
					"$(inherited)",
					"@executable_path/Frameworks",
					"@loader_path/Frameworks",
				);
				PRODUCT_BUNDLE_IDENTIFIER = com.leeguoo.jrskan.tv.iostests;
				SDKROOT = iphoneos;
				TARGETED_DEVICE_FAMILY = "1,2";
				TEST_HOST = "$(BUILT_PRODUCTS_DIR)/JRKANiOS.app/JRKANiOS";
			};
			name = Release;
		};
		67AF8F039A7FF618AE64ACED /* Debug */ = {
			isa = XCBuildConfiguration;
			buildSettings = {
				BUNDLE_LOADER = "$(TEST_HOST)";
				CODE_SIGNING_ALLOWED = NO;
				LD_RUNPATH_SEARCH_PATHS = (
					"$(inherited)",
					"@executable_path/Frameworks",
					"@loader_path/Frameworks",
				);
				PRODUCT_BUNDLE_IDENTIFIER = com.leeguoo.jrskan.tv.tests;
				SDKROOT = appletvos;
				TARGETED_DEVICE_FAMILY = 3;
				TEST_HOST = "$(BUILT_PRODUCTS_DIR)/JRKANTV.app/JRKANTV";
			};
			name = Debug;
		};
		C7A759466E7F08F9BDA5F6D4 /* Debug */ = {
			isa = XCBuildConfiguration;
			buildSettings = {
				ASSETCATALOG_COMPILER_APPICON_NAME = "App Icon & Top Shelf Image";
				ASSETCATALOG_COMPILER_LAUNCHIMAGE_NAME = LaunchImage;
				INFOPLIST_FILE = "App/Info-TV.plist";
				LD_RUNPATH_SEARCH_PATHS = (
					"$(inherited)",
					"@executable_path/Frameworks",
				);
				PRODUCT_BUNDLE_IDENTIFIER = com.leeguoo.jrskan.tv;
				SDKROOT = appletvos;
				TARGETED_DEVICE_FAMILY = 3;
			};
			name = Debug;
		};
		EE776CB21C4251D4AFA52A8B /* Release */ = {
			isa = XCBuildConfiguration;
			buildSettings = {
				ASSETCATALOG_COMPILER_APPICON_NAME = AppIcon;
				"CODE_SIGN_ENTITLEMENTS[sdk=macosx*]" = App/JRKANMac.entitlements;
				CODE_SIGN_IDENTITY = "iPhone Developer";
				DERIVE_MACCATALYST_PRODUCT_BUNDLE_IDENTIFIER = NO;
				INFOPLIST_FILE = "App/Info-iOS.plist";
				LD_RUNPATH_SEARCH_PATHS = (
					"$(inherited)",
					"@executable_path/Frameworks",
				);
				MACOSX_DEPLOYMENT_TARGET = 14.0;
				PRODUCT_BUNDLE_IDENTIFIER = com.leeguoo.jrskan.tv;
				SDKROOT = iphoneos;
				SUPPORTS_MACCATALYST = YES;
				TARGETED_DEVICE_FAMILY = "1,2";
			};
			name = Release;
		};
		FA3C4D7F8721EC485D045AEA /* Release */ = {
			isa = XCBuildConfiguration;
			buildSettings = {
				BUNDLE_LOADER = "$(TEST_HOST)";
				CODE_SIGNING_ALLOWED = NO;
				LD_RUNPATH_SEARCH_PATHS = (
					"$(inherited)",
					"@executable_path/Frameworks",
					"@loader_path/Frameworks",
				);
				PRODUCT_BUNDLE_IDENTIFIER = com.leeguoo.jrskan.tv.tests;
				SDKROOT = appletvos;
				TARGETED_DEVICE_FAMILY = 3;
				TEST_HOST = "$(BUILT_PRODUCTS_DIR)/JRKANTV.app/JRKANTV";
			};
			name = Release;
		};
		FB127A0A221A340068A226F0 /* Release */ = {
			isa = XCBuildConfiguration;
			buildSettings = {
				ALWAYS_SEARCH_USER_PATHS = NO;
				CLANG_ANALYZER_NONNULL = YES;
				CLANG_ANALYZER_NUMBER_OBJECT_CONVERSION = YES_AGGRESSIVE;
				CLANG_CXX_LANGUAGE_STANDARD = "gnu++14";
				CLANG_CXX_LIBRARY = "libc++";
				CLANG_ENABLE_MODULES = YES;
				CLANG_ENABLE_OBJC_ARC = YES;
				CLANG_ENABLE_OBJC_WEAK = YES;
				CLANG_WARN_BLOCK_CAPTURE_AUTORELEASING = YES;
				CLANG_WARN_BOOL_CONVERSION = YES;
				CLANG_WARN_COMMA = YES;
				CLANG_WARN_CONSTANT_CONVERSION = YES;
				CLANG_WARN_DEPRECATED_OBJC_IMPLEMENTATIONS = YES;
				CLANG_WARN_DIRECT_OBJC_ISA_USAGE = YES_ERROR;
				CLANG_WARN_DOCUMENTATION_COMMENTS = YES;
				CLANG_WARN_EMPTY_BODY = YES;
				CLANG_WARN_ENUM_CONVERSION = YES;
				CLANG_WARN_INFINITE_RECURSION = YES;
				CLANG_WARN_INT_CONVERSION = YES;
				CLANG_WARN_NON_LITERAL_NULL_CONVERSION = YES;
				CLANG_WARN_OBJC_IMPLICIT_RETAIN_SELF = YES;
				CLANG_WARN_OBJC_LITERAL_CONVERSION = YES;
				CLANG_WARN_OBJC_ROOT_CLASS = YES_ERROR;
				CLANG_WARN_QUOTED_INCLUDE_IN_FRAMEWORK_HEADER = YES;
				CLANG_WARN_RANGE_LOOP_ANALYSIS = YES;
				CLANG_WARN_STRICT_PROTOTYPES = YES;
				CLANG_WARN_SUSPICIOUS_MOVE = YES;
				CLANG_WARN_UNGUARDED_AVAILABILITY = YES_AGGRESSIVE;
				CLANG_WARN_UNREACHABLE_CODE = YES;
				CLANG_WARN__DUPLICATE_METHOD_MATCH = YES;
				CODE_SIGN_STYLE = Automatic;
				COPY_PHASE_STRIP = NO;
				CURRENT_PROJECT_VERSION = 1;
				DEBUG_INFORMATION_FORMAT = "dwarf-with-dsym";
				DEVELOPMENT_TEAM = 6ZPXG4KVVS;
				ENABLE_NS_ASSERTIONS = NO;
				ENABLE_STRICT_OBJC_MSGSEND = YES;
				GCC_C_LANGUAGE_STANDARD = gnu11;
				GCC_NO_COMMON_BLOCKS = YES;
				GCC_WARN_64_TO_32_BIT_CONVERSION = YES;
				GCC_WARN_ABOUT_RETURN_TYPE = YES_ERROR;
				GCC_WARN_UNDECLARED_SELECTOR = YES;
				GCC_WARN_UNINITIALIZED_AUTOS = YES_AGGRESSIVE;
				GCC_WARN_UNUSED_FUNCTION = YES;
				GCC_WARN_UNUSED_VARIABLE = YES;
				IPHONEOS_DEPLOYMENT_TARGET = 17.0;
				MARKETING_VERSION = 1.0.0;
				MTL_ENABLE_DEBUG_INFO = NO;
				MTL_FAST_MATH = YES;
				PRODUCT_NAME = "$(TARGET_NAME)";
				SWIFT_COMPILATION_MODE = wholemodule;
				SWIFT_OPTIMIZATION_LEVEL = "-O";
				SWIFT_VERSION = 5.0;
				TVOS_DEPLOYMENT_TARGET = 17.0;
			};
			name = Release;
		};
/* End XCBuildConfiguration section */

/* Begin XCConfigurationList section */
		1AFD4B20E283DE23F528B376 /* Build configuration list for PBXNativeTarget "JRKANTV" */ = {
			isa = XCConfigurationList;
			buildConfigurations = (
				C7A759466E7F08F9BDA5F6D4 /* Debug */,
				3F23A8F18085323F4E34F4D4 /* Release */,
			);
			defaultConfigurationIsVisible = 0;
			defaultConfigurationName = Debug;
		};
		3418848845953D92F91BE96D /* Build configuration list for PBXNativeTarget "JRKANTVTests" */ = {
			isa = XCConfigurationList;
			buildConfigurations = (
				67AF8F039A7FF618AE64ACED /* Debug */,
				FA3C4D7F8721EC485D045AEA /* Release */,
			);
			defaultConfigurationIsVisible = 0;
			defaultConfigurationName = Debug;
		};
		4F92DD1B21D8FE14563588F9 /* Build configuration list for PBXNativeTarget "JRKANiOSTests" */ = {
			isa = XCConfigurationList;
			buildConfigurations = (
				3E4772F024461F13A425AEA8 /* Debug */,
				53AD6D2478281AFB68F6435B /* Release */,
			);
			defaultConfigurationIsVisible = 0;
			defaultConfigurationName = Debug;
		};
		5B33F3058C2A9012F2EC8DE6 /* Build configuration list for PBXProject "JRKANApple" */ = {
			isa = XCConfigurationList;
			buildConfigurations = (
				1AE03CFD26900DEC7D6D586A /* Debug */,
				FB127A0A221A340068A226F0 /* Release */,
			);
			defaultConfigurationIsVisible = 0;
			defaultConfigurationName = Debug;
		};
		FEC8875661E659D8A1638FCA /* Build configuration list for PBXNativeTarget "JRKANiOS" */ = {
			isa = XCConfigurationList;
			buildConfigurations = (
				485E712C5AD3409DF31EDC07 /* Debug */,
				EE776CB21C4251D4AFA52A8B /* Release */,
			);
			defaultConfigurationIsVisible = 0;
			defaultConfigurationName = Debug;
		};
/* End XCConfigurationList section */
	};
	rootObject = CECC560E6A9A0B1D342928BF /* Project object */;
}
